
Microsoft Visual Studio Solution File, Format Version 12.00
# Visual Studio 15
VisualStudioVersion = 15.0.26124.0
MinimumVisualStudioVersion = 15.0.26124.0
Project("{FAE04EC0-301F-11D3-BF4B-00C04F79EFBC}") = "Api", "Api\Api.csproj", "{1F35EB5E-5A59-4E49-AEED-A8E19DD22ABD}"
EndProject
Project("{FAE04EC0-301F-11D3-BF4B-00C04F79EFBC}") = "Service", "Service\Service.csproj", "{87E151A1-E208-4170-947B-267A33E5E5B9}"
EndProject
Project("{FAE04EC0-301F-11D3-BF4B-00C04F79EFBC}") = "Idempotency", "Idempotency\Idempotency.csproj", "{2328CFC3-C867-4B12-A06C-A9A7C539C11C}"
EndProject
Global
	GlobalSection(SolutionConfigurationPlatforms) = preSolution
		Debug|Any CPU = Debug|Any CPU
		Debug|x64 = Debug|x64
		Debug|x86 = Debug|x86
		Release|Any CPU = Release|Any CPU
		Release|x64 = Release|x64
		Release|x86 = Release|x86
	EndGlobalSection
	GlobalSection(SolutionProperties) = preSolution
		HideSolutionNode = FALSE
	EndGlobalSection
	GlobalSection(ProjectConfigurationPlatforms) = postSolution
		{1F35EB5E-5A59-4E49-AEED-A8E19DD22ABD}.Debug|Any CPU.ActiveCfg = Debug|Any CPU
		{1F35EB5E-5A59-4E49-AEED-A8E19DD22ABD}.Debug|Any CPU.Build.0 = Debug|Any CPU
		{1F35EB5E-5A59-4E49-AEED-A8E19DD22ABD}.Debug|x64.ActiveCfg = Debug|Any CPU
		{1F35EB5E-5A59-4E49-AEED-A8E19DD22ABD}.Debug|x64.Build.0 = Debug|Any CPU
		{1F35EB5E-5A59-4E49-AEED-A8E19DD22ABD}.Debug|x86.ActiveCfg = Debug|Any CPU
		{1F35EB5E-5A59-4E49-AEED-A8E19DD22ABD}.Debug|x86.Build.0 = Debug|Any CPU
		{1F35EB5E-5A59-4E49-AEED-A8E19DD22ABD}.Release|Any CPU.ActiveCfg = Release|Any CPU
		{1F35EB5E-5A59-4E49-AEED-A8E19DD22ABD}.Release|Any CPU.Build.0 = Release|Any CPU
		{1F35EB5E-5A59-4E49-AEED-A8E19DD22ABD}.Release|x64.ActiveCfg = Release|Any CPU
		{1F35EB5E-5A59-4E49-AEED-A8E19DD22ABD}.Release|x64.Build.0 = Release|Any CPU
		{1F35EB5E-5A59-4E49-AEED-A8E19DD22ABD}.Release|x86.ActiveCfg = Release|Any CPU
		{1F35EB5E-5A59-4E49-AEED-A8E19DD22ABD}.Release|x86.Build.0 = Release|Any CPU
		{671F2F02-8813-4E6D-9835-675D4288E443}.Debug|Any CPU.ActiveCfg = Debug|Any CPU
		{671F2F02-8813-4E6D-9835-675D4288E443}.Debug|Any CPU.Build.0 = Debug|Any CPU
		{671F2F02-8813-4E6D-9835-675D4288E443}.Debug|x64.ActiveCfg = Debug|Any CPU
		{671F2F02-8813-4E6D-9835-675D4288E443}.Debug|x64.Build.0 = Debug|Any CPU
		{671F2F02-8813-4E6D-9835-675D4288E443}.Debug|x86.ActiveCfg = Debug|Any CPU
		{671F2F02-8813-4E6D-9835-675D4288E443}.Debug|x86.Build.0 = Debug|Any CPU
		{671F2F02-8813-4E6D-9835-675D4288E443}.Release|Any CPU.ActiveCfg = Release|Any CPU
		{671F2F02-8813-4E6D-9835-675D4288E443}.Release|Any CPU.Build.0 = Release|Any CPU
		{671F2F02-8813-4E6D-9835-675D4288E443}.Release|x64.ActiveCfg = Release|Any CPU
		{671F2F02-8813-4E6D-9835-675D4288E443}.Release|x64.Build.0 = Release|Any CPU
		{671F2F02-8813-4E6D-9835-675D4288E443}.Release|x86.ActiveCfg = Release|Any CPU
		{671F2F02-8813-4E6D-9835-675D4288E443}.Release|x86.Build.0 = Release|Any CPU
		{87E151A1-E208-4170-947B-267A33E5E5B9}.Debug|Any CPU.ActiveCfg = Debug|Any CPU
		{87E151A1-E208-4170-947B-267A33E5E5B9}.Debug|Any CPU.Build.0 = Debug|Any CPU
		{87E151A1-E208-4170-947B-267A33E5E5B9}.Debug|x64.ActiveCfg = Debug|Any CPU
		{87E151A1-E208-4170-947B-267A33E5E5B9}.Debug|x64.Build.0 = Debug|Any CPU
		{87E151A1-E208-4170-947B-267A33E5E5B9}.Debug|x86.ActiveCfg = Debug|Any CPU
		{87E151A1-E208-4170-947B-267A33E5E5B9}.Debug|x86.Build.0 = Debug|Any CPU
		{87E151A1-E208-4170-947B-267A33E5E5B9}.Release|Any CPU.ActiveCfg = Release|Any CPU
		{87E151A1-E208-4170-947B-267A33E5E5B9}.Release|Any CPU.Build.0 = Release|Any CPU
		{87E151A1-E208-4170-947B-267A33E5E5B9}.Release|x64.ActiveCfg = Release|Any CPU
		{87E151A1-E208-4170-947B-267A33E5E5B9}.Release|x64.Build.0 = Release|Any CPU
		{87E151A1-E208-4170-947B-267A33E5E5B9}.Release|x86.ActiveCfg = Release|Any CPU
		{87E151A1-E208-4170-947B-267A33E5E5B9}.Release|x86.Build.0 = Release|Any CPU
		{2328CFC3-C867-4B12-A06C-A9A7C539C11C}.Debug|Any CPU.ActiveCfg = Debug|Any CPU
		{2328CFC3-C867-4B12-A06C-A9A7C539C11C}.Debug|Any CPU.Build.0 = Debug|Any CPU
		{2328CFC3-C867-4B12-A06C-A9A7C539C11C}.Debug|x64.ActiveCfg = Debug|Any CPU
		{2328CFC3-C867-4B12-A06C-A9A7C539C11C}.Debug|x64.Build.0 = Debug|Any CPU
		{2328CFC3-C867-4B12-A06C-A9A7C539C11C}.Debug|x86.ActiveCfg = Debug|Any CPU
		{2328CFC3-C867-4B12-A06C-A9A7C539C11C}.Debug|x86.Build.0 = Debug|Any CPU
		{2328CFC3-C867-4B12-A06C-A9A7C539C11C}.Release|Any CPU.ActiveCfg = Release|Any CPU
		{2328CFC3-C867-4B12-A06C-A9A7C539C11C}.Release|Any CPU.Build.0 = Release|Any CPU
		{2328CFC3-C867-4B12-A06C-A9A7C539C11C}.Release|x64.ActiveCfg = Release|Any CPU
		{2328CFC3-C867-4B12-A06C-A9A7C539C11C}.Release|x64.Build.0 = Release|Any CPU
		{2328CFC3-C867-4B12-A06C-A9A7C539C11C}.Release|x86.ActiveCfg = Release|Any CPU
		{2328CFC3-C867-4B12-A06C-A9A7C539C11C}.Release|x86.Build.0 = Release|Any CPU
	EndGlobalSection
EndGlobal
